
Microsoft Visual Studio Solution File, Format Version 12.00
# Visual Studio Version 17
VisualStudioVersion = 17.10.35122.118
MinimumVisualStudioVersion = 10.0.40219.1
Project("{FAE04EC0-301F-11D3-BF4B-00C04F79EFBC}") = "HuynhLamHuy_DH52300664", "HuynhLamHuy_DH52300664\HuynhLamHuy_DH52300664.csproj", "{8492A94F-BF8C-4B83-BF94-F43BBE520E56}"
EndProject
Global
	GlobalSection(SolutionConfigurationPlatforms) = preSolution
		Debug|Any CPU = Debug|Any CPU
		Release|Any CPU = Release|Any CPU
	EndGlobalSection
	GlobalSection(ProjectConfigurationPlatforms) = postSolution
		{8492A94F-BF8C-4B83-BF94-F43BBE520E56}.Debug|Any CPU.ActiveCfg = Debug|Any CPU
		{8492A94F-BF8C-4B83-BF94-F43BBE520E56}.Debug|Any CPU.Build.0 = Debug|Any CPU
		{8492A94F-BF8C-4B83-BF94-F43BBE520E56}.Release|Any CPU.ActiveCfg = Release|Any CPU
		{8492A94F-BF8C-4B83-BF94-F43BBE520E56}.Release|Any CPU.Build.0 = Release|Any CPU
	EndGlobalSection
	GlobalSection(SolutionProperties) = preSolution
		HideSolutionNode = FALSE
	EndGlobalSection
	GlobalSection(ExtensibilityGlobals) = postSolution
		SolutionGuid = {D69D5D2D-9B7E-4177-AB52-AD0B486B9DCC}
	EndGlobalSection
EndGlobal
